{
  "name": "node-ez-logger",
  "version": "1.0.4",
  "lockfileVersion": 1,
  "requires": true,
  "dependencies": {
    "node-date-parser": {
      "version": "1.0.6",
      "resolved": "https://registry.npmjs.org/node-date-parser/-/node-date-parser-1.0.6.tgz",
      "integrity": "sha512-bRwH/8oU874CgBSJ79BqoSkoIQy2gtTxuoes7MZBCWb3B23SeVVRrT5/oCeZpW8SlF5e0S7+JSPoNtzA1RpcaA=="
    }
  }
}
