{
  "name": "node-ez-logger",
  "version": "1.0.7",
  "lockfileVersion": 1,
  "requires": true,
  "dependencies": {
    "node-date-parser": {
      "version": "1.0.8",
      "resolved": "https://registry.npmjs.org/node-date-parser/-/node-date-parser-1.0.8.tgz",
      "integrity": "sha512-FHVKqRC+tblrcKKI4ytw8kNmvYOkCvNw9+j/DJg/kreRlnANdp4ss2VTYBeAp5kYRTU/b7Z8dH758pK3gF9KJw=="
    }
  }
}
